
Microsoft Visual Studio Solution File, Format Version 12.00
# Visual Studio Version 17
VisualStudioVersion = 17.10.35013.160
MinimumVisualStudioVersion = 10.0.40219.1
Project("{FAE04EC0-301F-11D3-BF4B-00C04F79EFBC}") = "P01_StudentSystem", "P01_StudentSystem.csproj", "{49D68348-9FD9-475E-996D-BBBA256D41AF}"
EndProject
Global
	GlobalSection(SolutionConfigurationPlatforms) = preSolution
		Debug|Any CPU = Debug|Any CPU
		Release|Any CPU = Release|Any CPU
	EndGlobalSection
	GlobalSection(ProjectConfigurationPlatforms) = postSolution
		{49D68348-9FD9-475E-996D-BBBA256D41AF}.Debug|Any CPU.ActiveCfg = Debug|Any CPU
		{49D68348-9FD9-475E-996D-BBBA256D41AF}.Debug|Any CPU.Build.0 = Debug|Any CPU
		{49D68348-9FD9-475E-996D-BBBA256D41AF}.Release|Any CPU.ActiveCfg = Release|Any CPU
		{49D68348-9FD9-475E-996D-BBBA256D41AF}.Release|Any CPU.Build.0 = Release|Any CPU
	EndGlobalSection
	GlobalSection(SolutionProperties) = preSolution
		HideSolutionNode = FALSE
	EndGlobalSection
	GlobalSection(ExtensibilityGlobals) = postSolution
		SolutionGuid = {ED7D2092-C50E-4508-9844-621F644433C7}
	EndGlobalSection
EndGlobal
